
Microsoft Visual Studio Solution File, Format Version 12.00
# Visual Studio Version 17
VisualStudioVersion = 17.9.34728.123
MinimumVisualStudioVersion = 10.0.40219.1
Project("{9A19103F-16F7-4668-BE54-9A1E7A4F7556}") = "MessageContracts", "MessageContracts\MessageContracts.csproj", "{2D1E980A-F944-4634-92C0-3EEFC0FD9806}"
EndProject
Project("{9A19103F-16F7-4668-BE54-9A1E7A4F7556}") = "InvoiceMicroservice", "InvoiceMicroservice\InvoiceMicroservice.csproj", "{CAA31223-1E8D-441D-8506-19E2003F711F}"
EndProject
Project("{FAE04EC0-301F-11D3-BF4B-00C04F79EFBC}") = "PaymentMicroservice", "PaymentMicroservice\PaymentMicroservice.csproj", "{E3EA2AC8-BD75-4B24-A8AE-C65B52A6E8CD}"
EndProject
Project("{FAE04EC0-301F-11D3-BF4B-00C04F79EFBC}") = "TestClient", "TestClient\TestClient.csproj", "{AAE93F7D-79AC-4AD4-874F-E587462A081C}"
EndProject
Global
	GlobalSection(SolutionConfigurationPlatforms) = preSolution
		Debug|Any CPU = Debug|Any CPU
		Release|Any CPU = Release|Any CPU
	EndGlobalSection
	GlobalSection(ProjectConfigurationPlatforms) = postSolution
		{2D1E980A-F944-4634-92C0-3EEFC0FD9806}.Debug|Any CPU.ActiveCfg = Debug|Any CPU
		{2D1E980A-F944-4634-92C0-3EEFC0FD9806}.Debug|Any CPU.Build.0 = Debug|Any CPU
		{2D1E980A-F944-4634-92C0-3EEFC0FD9806}.Release|Any CPU.ActiveCfg = Release|Any CPU
		{2D1E980A-F944-4634-92C0-3EEFC0FD9806}.Release|Any CPU.Build.0 = Release|Any CPU
		{CAA31223-1E8D-441D-8506-19E2003F711F}.Debug|Any CPU.ActiveCfg = Debug|Any CPU
		{CAA31223-1E8D-441D-8506-19E2003F711F}.Debug|Any CPU.Build.0 = Debug|Any CPU
		{CAA31223-1E8D-441D-8506-19E2003F711F}.Release|Any CPU.ActiveCfg = Release|Any CPU
		{CAA31223-1E8D-441D-8506-19E2003F711F}.Release|Any CPU.Build.0 = Release|Any CPU
		{E3EA2AC8-BD75-4B24-A8AE-C65B52A6E8CD}.Debug|Any CPU.ActiveCfg = Debug|Any CPU
		{E3EA2AC8-BD75-4B24-A8AE-C65B52A6E8CD}.Debug|Any CPU.Build.0 = Debug|Any CPU
		{E3EA2AC8-BD75-4B24-A8AE-C65B52A6E8CD}.Release|Any CPU.ActiveCfg = Release|Any CPU
		{E3EA2AC8-BD75-4B24-A8AE-C65B52A6E8CD}.Release|Any CPU.Build.0 = Release|Any CPU
		{AAE93F7D-79AC-4AD4-874F-E587462A081C}.Debug|Any CPU.ActiveCfg = Debug|Any CPU
		{AAE93F7D-79AC-4AD4-874F-E587462A081C}.Debug|Any CPU.Build.0 = Debug|Any CPU
		{AAE93F7D-79AC-4AD4-874F-E587462A081C}.Release|Any CPU.ActiveCfg = Release|Any CPU
		{AAE93F7D-79AC-4AD4-874F-E587462A081C}.Release|Any CPU.Build.0 = Release|Any CPU
	EndGlobalSection
	GlobalSection(SolutionProperties) = preSolution
		HideSolutionNode = FALSE
	EndGlobalSection
	GlobalSection(ExtensibilityGlobals) = postSolution
		SolutionGuid = {53D59D5D-B2E2-4F72-A172-0E51EE7E9E29}
	EndGlobalSection
EndGlobal
